
Microsoft Visual Studio Solution File, Format Version 12.00
# Visual Studio Version 16
VisualStudioVersion = 16.0.31019.35
MinimumVisualStudioVersion = 10.0.40219.1
Project("{9A19103F-16F7-4668-BE54-9A1E7A4F7556}") = "BlogLab.Web", "BlogLab.Web\BlogLab.Web.csproj", "{A853E2F4-7D09-4D84-B83A-148669993ED6}"
EndProject
Project("{9A19103F-16F7-4668-BE54-9A1E7A4F7556}") = "BlogLab.Models", "BlogLab.Models\BlogLab.Models.csproj", "{00BDE4F9-CBC1-4480-98E0-0FA3E2FFD7B5}"
EndProject
Project("{9A19103F-16F7-4668-BE54-9A1E7A4F7556}") = "BlogLab.Repository", "BlogLab.Repository\BlogLab.Repository.csproj", "{2E86A643-D29B-4798-8C9E-592F29FCC912}"
EndProject
Project("{FAE04EC0-301F-11D3-BF4B-00C04F79EFBC}") = "BlogLab.Identity", "BlogLab.Identity\BlogLab.Identity.csproj", "{9D5E8DA4-8480-4D03-B692-4AB52F482D9D}"
EndProject
Global
	GlobalSection(SolutionConfigurationPlatforms) = preSolution
		Debug|Any CPU = Debug|Any CPU
		Release|Any CPU = Release|Any CPU
	EndGlobalSection
	GlobalSection(ProjectConfigurationPlatforms) = postSolution
		{A853E2F4-7D09-4D84-B83A-148669993ED6}.Debug|Any CPU.ActiveCfg = Debug|Any CPU
		{A853E2F4-7D09-4D84-B83A-148669993ED6}.Debug|Any CPU.Build.0 = Debug|Any CPU
		{A853E2F4-7D09-4D84-B83A-148669993ED6}.Release|Any CPU.ActiveCfg = Release|Any CPU
		{A853E2F4-7D09-4D84-B83A-148669993ED6}.Release|Any CPU.Build.0 = Release|Any CPU
		{00BDE4F9-CBC1-4480-98E0-0FA3E2FFD7B5}.Debug|Any CPU.ActiveCfg = Debug|Any CPU
		{00BDE4F9-CBC1-4480-98E0-0FA3E2FFD7B5}.Debug|Any CPU.Build.0 = Debug|Any CPU
		{00BDE4F9-CBC1-4480-98E0-0FA3E2FFD7B5}.Release|Any CPU.ActiveCfg = Release|Any CPU
		{00BDE4F9-CBC1-4480-98E0-0FA3E2FFD7B5}.Release|Any CPU.Build.0 = Release|Any CPU
		{2E86A643-D29B-4798-8C9E-592F29FCC912}.Debug|Any CPU.ActiveCfg = Debug|Any CPU
		{2E86A643-D29B-4798-8C9E-592F29FCC912}.Debug|Any CPU.Build.0 = Debug|Any CPU
		{2E86A643-D29B-4798-8C9E-592F29FCC912}.Release|Any CPU.ActiveCfg = Release|Any CPU
		{2E86A643-D29B-4798-8C9E-592F29FCC912}.Release|Any CPU.Build.0 = Release|Any CPU
		{9D5E8DA4-8480-4D03-B692-4AB52F482D9D}.Debug|Any CPU.ActiveCfg = Debug|Any CPU
		{9D5E8DA4-8480-4D03-B692-4AB52F482D9D}.Debug|Any CPU.Build.0 = Debug|Any CPU
		{9D5E8DA4-8480-4D03-B692-4AB52F482D9D}.Release|Any CPU.ActiveCfg = Release|Any CPU
		{9D5E8DA4-8480-4D03-B692-4AB52F482D9D}.Release|Any CPU.Build.0 = Release|Any CPU
	EndGlobalSection
	GlobalSection(SolutionProperties) = preSolution
		HideSolutionNode = FALSE
	EndGlobalSection
	GlobalSection(ExtensibilityGlobals) = postSolution
		SolutionGuid = {172DD690-6FB8-4FE0-97BF-3FF80CD1FE9B}
	EndGlobalSection
EndGlobal
